
Microsoft Visual Studio Solution File, Format Version 12.00
# Visual Studio Version 17
VisualStudioVersion = 17.2.32505.173
MinimumVisualStudioVersion = 10.0.40219.1
Project("{9A19103F-16F7-4668-BE54-9A1E7A4F7556}") = "GraphQLAuthorizationTest", "GraphQLAuthorizationTest\GraphQLAuthorizationTest.csproj", "{1783B311-194F-4034-9359-51D973073AF8}"
EndProject
Project("{2150E333-8FDC-42A3-9474-1A3956D46DE8}") = "Solution Items", "Solution Items", "{DD54316D-ADE7-4D66-92DF-1BA90F5CE40A}"
	ProjectSection(SolutionItems) = preProject
		.editorconfig = .editorconfig
	EndProjectSection
EndProject
Project("{9A19103F-16F7-4668-BE54-9A1E7A4F7556}") = "GraphQLAuthorizationTest.UnitTests", "GraphQLAuthorizationTest.UnitTests\GraphQLAuthorizationTest.UnitTests.csproj", "{72E05BF7-9219-4757-8E53-F5F126070CD9}"
EndProject
Global
	GlobalSection(SolutionConfigurationPlatforms) = preSolution
		Debug|Any CPU = Debug|Any CPU
		Release|Any CPU = Release|Any CPU
	EndGlobalSection
	GlobalSection(ProjectConfigurationPlatforms) = postSolution
		{1783B311-194F-4034-9359-51D973073AF8}.Debug|Any CPU.ActiveCfg = Debug|Any CPU
		{1783B311-194F-4034-9359-51D973073AF8}.Debug|Any CPU.Build.0 = Debug|Any CPU
		{1783B311-194F-4034-9359-51D973073AF8}.Release|Any CPU.ActiveCfg = Release|Any CPU
		{1783B311-194F-4034-9359-51D973073AF8}.Release|Any CPU.Build.0 = Release|Any CPU
		{72E05BF7-9219-4757-8E53-F5F126070CD9}.Debug|Any CPU.ActiveCfg = Debug|Any CPU
		{72E05BF7-9219-4757-8E53-F5F126070CD9}.Debug|Any CPU.Build.0 = Debug|Any CPU
		{72E05BF7-9219-4757-8E53-F5F126070CD9}.Release|Any CPU.ActiveCfg = Release|Any CPU
		{72E05BF7-9219-4757-8E53-F5F126070CD9}.Release|Any CPU.Build.0 = Release|Any CPU
	EndGlobalSection
	GlobalSection(SolutionProperties) = preSolution
		HideSolutionNode = FALSE
	EndGlobalSection
	GlobalSection(ExtensibilityGlobals) = postSolution
		SolutionGuid = {21AA79FB-289B-471D-AAC9-2538DBA53BC3}
	EndGlobalSection
EndGlobal
